{
  "nodes": {
    "gallipedal-library": {
      "locked": {
        "lastModified": 1729557311,
        "narHash": "sha256-QHCbfoZryG2JGJnDZRJytUyCB/PjWtjTTfzxV/nIU+Q=",
        "ref": "refs/heads/main",
        "rev": "ba1c07084d608f5efc0c4005ed97bc4a8b4ee32a",
        "revCount": 31,
        "type": "git",
        "url": "https://gitea.chiliahedron.wtf/chiliahedron/gallipedal-library"
      },
      "original": {
        "type": "git",
        "url": "https://gitea.chiliahedron.wtf/chiliahedron/gallipedal-library"
      }
    },
    "nixpkgs": {
      "locked": {
        "lastModified": 1723637854,
        "narHash": "sha256-med8+5DSWa2UnOqtdICndjDAEjxr5D7zaIiK4pn0Q7c=",
        "owner": "nixos",
        "repo": "nixpkgs",
        "rev": "c3aa7b8938b17aebd2deecf7be0636000d62a2b9",
        "type": "github"
      },
      "original": {
        "owner": "nixos",
        "ref": "nixos-unstable",
        "repo": "nixpkgs",
        "type": "github"
      }
    },
    "root": {
      "inputs": {
        "gallipedal-library": "gallipedal-library",
        "nixpkgs": "nixpkgs"
      }
    }
  },
  "root": "root",
  "version": 7
}
