{
  "nodes": {
    "gallipedal-library": {
      "locked": {
        "lastModified": 1733490890,
        "narHash": "sha256-q9BW+y/qYhsjEs55lbZTwcLHo3QrYhQ6JW5dCYBBEvw=",
        "ref": "refs/heads/main",
        "rev": "e053e9d20dc95adba8b70f33b69ab7d3ec29ab89",
        "revCount": 38,
        "type": "git",
        "url": "https://gitea.chiliahedron.wtf/chiliahedron/gallipedal-library"
      },
      "original": {
        "type": "git",
        "url": "https://gitea.chiliahedron.wtf/chiliahedron/gallipedal-library"
      }
    },
    "nixpkgs": {
      "locked": {
        "lastModified": 1732837521,
        "narHash": "sha256-jNRNr49UiuIwaarqijgdTR2qLPifxsVhlJrKzQ8XUIE=",
        "owner": "nixos",
        "repo": "nixpkgs",
        "rev": "970e93b9f82e2a0f3675757eb0bfc73297cc6370",
        "type": "github"
      },
      "original": {
        "owner": "nixos",
        "ref": "nixos-unstable",
        "repo": "nixpkgs",
        "type": "github"
      }
    },
    "root": {
      "inputs": {
        "gallipedal-library": "gallipedal-library",
        "nixpkgs": "nixpkgs"
      }
    }
  },
  "root": "root",
  "version": 7
}
