{
  "nodes": {
    "gallipedal-library": {
      "locked": {
        "lastModified": 1733923556,
        "narHash": "sha256-9MP9yvl8V7V+2nxApYtPhhPo85c2xfNdbXvmdLZFKIU=",
        "ref": "refs/heads/main",
        "rev": "de71b638761fba200bc2f0e998a3ffacaf5e7abb",
        "revCount": 39,
        "type": "git",
        "url": "https://gitea.chiliahedron.wtf/chiliahedron/gallipedal-library"
      },
      "original": {
        "type": "git",
        "url": "https://gitea.chiliahedron.wtf/chiliahedron/gallipedal-library"
      }
    },
    "nixpkgs": {
      "locked": {
        "lastModified": 1733759999,
        "narHash": "sha256-463SNPWmz46iLzJKRzO3Q2b0Aurff3U1n0nYItxq7jU=",
        "owner": "nixos",
        "repo": "nixpkgs",
        "rev": "a73246e2eef4c6ed172979932bc80e1404ba2d56",
        "type": "github"
      },
      "original": {
        "owner": "nixos",
        "ref": "nixos-unstable",
        "repo": "nixpkgs",
        "type": "github"
      }
    },
    "root": {
      "inputs": {
        "gallipedal-library": "gallipedal-library",
        "nixpkgs": "nixpkgs"
      }
    }
  },
  "root": "root",
  "version": 7
}
